<?xml version="1.0" encoding="utf-8"?>
<Project ToolsVersion="4.0" xmlns="http://schemas.microsoft.com/developer/msbuild/2003">
  <ItemGroup>
    <Filter Include="Source Code">
      <UniqueIdentifier>{fac460cb-627e-48b3-91b2-c21060e01e02}</UniqueIdentifier>
    </Filter>
    <Filter Include="Source Code\Main">
      <UniqueIdentifier>{c6d5d0bc-2743-4c5e-b2bb-c181d1c7451e}</UniqueIdentifier>
    </Filter>
    <Filter Include="Source Code\Modules">
      <UniqueIdentifier>{3c0a4ad7-1c95-4239-bf42-db29ad53c008}</UniqueIdentifier>
    </Filter>
    <Filter Include="External">
      <UniqueIdentifier>{739c8af0-8d77-4406-b552-39f8deeccd76}</UniqueIdentifier>
    </Filter>
    <Filter Include="External\imGui">
      <UniqueIdentifier>{56403b46-5729-416c-bbae-c32721226e4d}</UniqueIdentifier>
    </Filter>
    <Filter Include="External\imGui\backends">
      <UniqueIdentifier>{7207cc58-eb27-4bd1-8716-d73aaf0e5ffe}</UniqueIdentifier>
    </Filter>
    <Filter Include="Source Code\GameObjects">
      <UniqueIdentifier>{6cc4e957-739a-4a69-a21b-37bf5ce1caee}</UniqueIdentifier>
    </Filter>
    <Filter Include="Source Code\Tools">
      <UniqueIdentifier>{dba1b0e6-ad71-4020-8f87-30722dcd20ee}</UniqueIdentifier>
    </Filter>
  </ItemGroup>
  <ItemGroup>
    <ClCompile Include="Source Code\Application.cpp">
      <Filter>Source Code\Main</Filter>
    </ClCompile>
    <ClCompile Include="Source Code\Color.cpp">
      <Filter>Source Code\Tools</Filter>
    </ClCompile>
    <ClCompile Include="Source Code\Light.cpp">
      <Filter>Source Code\Tools</Filter>
    </ClCompile>
    <ClCompile Include="Source Code\log.cpp">
      <Filter>Source Code\Tools</Filter>
    </ClCompile>
    <ClCompile Include="Source Code\Main.cpp">
      <Filter>Source Code\Main</Filter>
    </ClCompile>
    <ClCompile Include="Source Code\ModuleCamera3D.cpp">
      <Filter>Source Code\Modules</Filter>
    </ClCompile>
    <ClCompile Include="Source Code\ModuleGeoLoader.cpp">
      <Filter>Source Code\Modules</Filter>
    </ClCompile>
    <ClCompile Include="Source Code\ModuleGui.cpp">
      <Filter>Source Code\Modules</Filter>
    </ClCompile>
    <ClCompile Include="Source Code\ModuleInput.cpp">
      <Filter>Source Code\Modules</Filter>
    </ClCompile>
    <ClCompile Include="Source Code\ModuleRenderer3D.cpp">
      <Filter>Source Code\Modules</Filter>
    </ClCompile>
    <ClCompile Include="Source Code\ModuleTexture.cpp">
      <Filter>Source Code\Modules</Filter>
    </ClCompile>
    <ClCompile Include="Source Code\ModuleWindow.cpp">
      <Filter>Source Code\Modules</Filter>
    </ClCompile>
    <ClCompile Include="Source Code\Primitive.cpp">
      <Filter>Source Code\Tools</Filter>
    </ClCompile>
    <ClCompile Include="Source Code\Timer.cpp">
      <Filter>Source Code\Tools</Filter>
    </ClCompile>
    <ClCompile Include="Source Code\External\imGui\imgui.cpp">
      <Filter>External\imGui</Filter>
    </ClCompile>
    <ClCompile Include="Source Code\External\imGui\imgui_demo.cpp">
      <Filter>External\imGui</Filter>
    </ClCompile>
    <ClCompile Include="Source Code\External\imGui\imgui_draw.cpp">
      <Filter>External\imGui</Filter>
    </ClCompile>
    <ClCompile Include="Source Code\External\imGui\imgui_tables.cpp">
      <Filter>External\imGui</Filter>
    </ClCompile>
    <ClCompile Include="Source Code\External\imGui\imgui_widgets.cpp">
      <Filter>External\imGui</Filter>
    </ClCompile>
    <ClCompile Include="Source Code\External\imGui\backends\imgui_impl_opengl3.cpp">
      <Filter>External\imGui\backends</Filter>
    </ClCompile>
    <ClCompile Include="Source Code\External\imGui\backends\imgui_impl_sdl.cpp">
      <Filter>External\imGui\backends</Filter>
    </ClCompile>
    <ClCompile Include="Source Code\ModuleScene.cpp">
      <Filter>Source Code\Modules</Filter>
    </ClCompile>
    <ClCompile Include="Source Code\Transform.cpp">
      <Filter>Source Code\GameObjects</Filter>
    </ClCompile>
    <ClCompile Include="Source Code\GameObject.cpp">
      <Filter>Source Code\GameObjects</Filter>
    </ClCompile>
    <ClCompile Include="Source Code\Component.cpp">
      <Filter>Source Code\GameObjects</Filter>
    </ClCompile>
    <ClCompile Include="Source Code\glmath.cpp">
      <Filter>Source Code\Tools</Filter>
    </ClCompile>
  </ItemGroup>
  <ItemGroup>
    <ClInclude Include="Source Code\Application.h">
      <Filter>Source Code\Main</Filter>
    </ClInclude>
    <ClInclude Include="Source Code\Color.h">
      <Filter>Source Code\Tools</Filter>
    </ClInclude>
    <ClInclude Include="Source Code\Globals.h">
      <Filter>Source Code\Main</Filter>
    </ClInclude>
    <ClInclude Include="Source Code\Light.h">
      <Filter>Source Code\Tools</Filter>
    </ClInclude>
    <ClInclude Include="Source Code\Module.h">
      <Filter>Source Code\Modules</Filter>
    </ClInclude>
    <ClInclude Include="Source Code\ModuleCamera3D.h">
      <Filter>Source Code\Modules</Filter>
    </ClInclude>
    <ClInclude Include="Source Code\ModuleGeoLoader.h">
      <Filter>Source Code\Modules</Filter>
    </ClInclude>
    <ClInclude Include="Source Code\ModuleGui.h">
      <Filter>Source Code\Modules</Filter>
    </ClInclude>
    <ClInclude Include="Source Code\ModuleInput.h">
      <Filter>Source Code\Modules</Filter>
    </ClInclude>
    <ClInclude Include="Source Code\ModuleRenderer3D.h">
      <Filter>Source Code\Modules</Filter>
    </ClInclude>
    <ClInclude Include="Source Code\ModuleTexture.h">
      <Filter>Source Code\Modules</Filter>
    </ClInclude>
    <ClInclude Include="Source Code\ModuleWindow.h">
      <Filter>Source Code\Modules</Filter>
    </ClInclude>
    <ClInclude Include="Source Code\Primitive.h">
      <Filter>Source Code\Tools</Filter>
    </ClInclude>
    <ClInclude Include="Source Code\Timer.h">
      <Filter>Source Code\Tools</Filter>
    </ClInclude>
    <ClInclude Include="Source Code\External\imGui\imconfig.h">
      <Filter>External\imGui</Filter>
    </ClInclude>
    <ClInclude Include="Source Code\External\imGui\imgui.h">
      <Filter>External\imGui</Filter>
    </ClInclude>
    <ClInclude Include="Source Code\External\imGui\imgui_internal.h">
      <Filter>External\imGui</Filter>
    </ClInclude>
    <ClInclude Include="Source Code\External\imGui\imstb_rectpack.h">
      <Filter>External\imGui</Filter>
    </ClInclude>
    <ClInclude Include="Source Code\External\imGui\imstb_textedit.h">
      <Filter>External\imGui</Filter>
    </ClInclude>
    <ClInclude Include="Source Code\External\imGui\imstb_truetype.h">
      <Filter>External\imGui</Filter>
    </ClInclude>
    <ClInclude Include="Source Code\External\imGui\backends\imgui_impl_opengl3.h">
      <Filter>External\imGui\backends</Filter>
    </ClInclude>
    <ClInclude Include="Source Code\External\imGui\backends\imgui_impl_opengl3_loader.h">
      <Filter>External\imGui\backends</Filter>
    </ClInclude>
    <ClInclude Include="Source Code\External\imGui\backends\imgui_impl_sdl.h">
      <Filter>External\imGui\backends</Filter>
    </ClInclude>
    <ClInclude Include="Source Code\ModuleScene.h">
      <Filter>Source Code\Modules</Filter>
    </ClInclude>
    <ClInclude Include="Source Code\MemoryLeaks.h">
      <Filter>Source Code\Main</Filter>
    </ClInclude>
    <ClInclude Include="Source Code\Transform.h">
      <Filter>Source Code\GameObjects</Filter>
    </ClInclude>
    <ClInclude Include="Source Code\GameObject.h">
      <Filter>Source Code\GameObjects</Filter>
    </ClInclude>
    <ClInclude Include="Source Code\Component.h">
      <Filter>Source Code\GameObjects</Filter>
    </ClInclude>
    <ClInclude Include="Source Code\glmath.h">
      <Filter>Source Code\Tools</Filter>
    </ClInclude>
  </ItemGroup>
</Project>